
Microsoft Visual Studio Solution File, Format Version 12.00
# Visual Studio Version 17
VisualStudioVersion = 17.4.32804.182
MinimumVisualStudioVersion = 10.0.40219.1
Project("{FAE04EC0-301F-11D3-BF4B-00C04F79EFBC}") = "Mini_Project_Assemble_Pizza", "Mini_Project_Assemble_Pizza\Mini_Project_Assemble_Pizza.csproj", "{3EBACACC-506F-404A-8FFA-87E64E173606}"
EndProject
Global
	GlobalSection(SolutionConfigurationPlatforms) = preSolution
		Debug|Any CPU = Debug|Any CPU
		Release|Any CPU = Release|Any CPU
	EndGlobalSection
	GlobalSection(ProjectConfigurationPlatforms) = postSolution
		{3EBACACC-506F-404A-8FFA-87E64E173606}.Debug|Any CPU.ActiveCfg = Debug|Any CPU
		{3EBACACC-506F-404A-8FFA-87E64E173606}.Debug|Any CPU.Build.0 = Debug|Any CPU
		{3EBACACC-506F-404A-8FFA-87E64E173606}.Release|Any CPU.ActiveCfg = Release|Any CPU
		{3EBACACC-506F-404A-8FFA-87E64E173606}.Release|Any CPU.Build.0 = Release|Any CPU
	EndGlobalSection
	GlobalSection(SolutionProperties) = preSolution
		HideSolutionNode = FALSE
	EndGlobalSection
	GlobalSection(ExtensibilityGlobals) = postSolution
		SolutionGuid = {A9D99578-18E3-4E68-99AE-976A7AF1B3F9}
	EndGlobalSection
EndGlobal
